// !$*UTF8*$!
{
	archiveVersion = 1;
	classes = {
	};
	objectVersion = 46;
	objects = {

/* Begin PBXBuildFile section */
		909841B642E1232EF03C105B /* libPods.a in Frameworks */ = {isa = PBXBuildFile; fileRef = 9E1F87AB9D86A37CA1780E9C /* libPods.a */; };
		A910A96F1CD272B8001D48F4 /* main.m in Sources */ = {isa = PBXBuildFile; fileRef = A910A96E1CD272B8001D48F4 /* main.m */; };
		A910A9721CD272B8001D48F4 /* AppDelegate.m in Sources */ = {isa = PBXBuildFile; fileRef = A910A9711CD272B8001D48F4 /* AppDelegate.m */; };
		A910A9751CD272B8001D48F4 /* ViewController.m in Sources */ = {isa = PBXBuildFile; fileRef = A910A9741CD272B8001D48F4 /* ViewController.m */; };
		A910A9781CD272B8001D48F4 /* Main.storyboard in Resources */ = {isa = PBXBuildFile; fileRef = A910A9761CD272B8001D48F4 /* Main.storyboard */; };
		A910A97A1CD272B8001D48F4 /* Assets.xcassets in Resources */ = {isa = PBXBuildFile; fileRef = A910A9791CD272B8001D48F4 /* Assets.xcassets */; };
		A910A97D1CD272B8001D48F4 /* LaunchScreen.storyboard in Resources */ = {isa = PBXBuildFile; fileRef = A910A97B1CD272B8001D48F4 /* LaunchScreen.storyboard */; };
		A910A9851CD27C76001D48F4 /* libsqlite3.tbd in Frameworks */ = {isa = PBXBuildFile; fileRef = A910A9841CD27C76001D48F4 /* libsqlite3.tbd */; };
/* End PBXBuildFile section */

/* Begin PBXFileReference section */
		3401DB766457E8224ADA2071 /* Pods.debug.xcconfig */ = {isa = PBXFileReference; includeInIndex = 1; lastKnownFileType = text.xcconfig; name = Pods.debug.xcconfig; path = "Pods/Target Support Files/Pods/Pods.debug.xcconfig"; sourceTree = "<group>"; };
		9E1F87AB9D86A37CA1780E9C /* libPods.a */ = {isa = PBXFileReference; explicitFileType = archive.ar; includeInIndex = 0; path = libPods.a; sourceTree = BUILT_PRODUCTS_DIR; };
		A910A96A1CD272B8001D48F4 /* HelloFMDB.app */ = {isa = PBXFileReference; explicitFileType = wrapper.application; includeInIndex = 0; path = HelloFMDB.app; sourceTree = BUILT_PRODUCTS_DIR; };
		A910A96E1CD272B8001D48F4 /* main.m */ = {isa = PBXFileReference; lastKnownFileType = sourcecode.c.objc; path = main.m; sourceTree = "<group>"; };
		A910A9701CD272B8001D48F4 /* AppDelegate.h */ = {isa = PBXFileReference; lastKnownFileType = sourcecode.c.h; path = AppDelegate.h; sourceTree = "<group>"; };
		A910A9711CD272B8001D48F4 /* AppDelegate.m */ = {isa = PBXFileReference; lastKnownFileType = sourcecode.c.objc; path = AppDelegate.m; sourceTree = "<group>"; };
		A910A9731CD272B8001D48F4 /* ViewController.h */ = {isa = PBXFileReference; lastKnownFileType = sourcecode.c.h; path = ViewController.h; sourceTree = "<group>"; };
		A910A9741CD272B8001D48F4 /* ViewController.m */ = {isa = PBXFileReference; lastKnownFileType = sourcecode.c.objc; path = ViewController.m; sourceTree = "<group>"; };
		A910A9771CD272B8001D48F4 /* Base */ = {isa = PBXFileReference; lastKnownFileType = file.storyboard; name = Base; path = Base.lproj/Main.storyboard; sourceTree = "<group>"; };
		A910A9791CD272B8001D48F4 /* Assets.xcassets */ = {isa = PBXFileReference; lastKnownFileType = folder.assetcatalog; path = Assets.xcassets; sourceTree = "<group>"; };
		A910A97C1CD272B8001D48F4 /* Base */ = {isa = PBXFileReference; lastKnownFileType = file.storyboard; name = Base; path = Base.lproj/LaunchScreen.storyboard; sourceTree = "<group>"; };
		A910A97E1CD272B8001D48F4 /* Info.plist */ = {isa = PBXFileReference; lastKnownFileType = text.plist.xml; path = Info.plist; sourceTree = "<group>"; };
		A910A9841CD27C76001D48F4 /* libsqlite3.tbd */ = {isa = PBXFileReference; lastKnownFileType = "sourcecode.text-based-dylib-definition"; name = libsqlite3.tbd; path = usr/lib/libsqlite3.tbd; sourceTree = SDKROOT; };
		B74DB3E403A8BC8C57F59750 /* Pods.release.xcconfig */ = {isa = PBXFileReference; includeInIndex = 1; lastKnownFileType = text.xcconfig; name = Pods.release.xcconfig; path = "Pods/Target Support Files/Pods/Pods.release.xcconfig"; sourceTree = "<group>"; };
/* End PBXFileReference section */

/* Begin PBXFrameworksBuildPhase section */
		A910A9671CD272B8001D48F4 /* Frameworks */ = {
			isa = PBXFrameworksBuildPhase;
			buildActionMask = 2147483647;
			files = (
				A910A9851CD27C76001D48F4 /* libsqlite3.tbd in Frameworks */,
				909841B642E1232EF03C105B /* libPods.a in Frameworks */,
			);
			runOnlyForDeploymentPostprocessing = 0;
		};
/* End PBXFrameworksBuildPhase section */

/* Begin PBXGroup section */
		6605ABB097550F99FCA97D73 /* Pods */ = {
			isa = PBXGroup;
			children = (
				3401DB766457E8224ADA2071 /* Pods.debug.xcconfig */,
				B74DB3E403A8BC8C57F59750 /* Pods.release.xcconfig */,
			);
			name = Pods;
			sourceTree = "<group>";
		};
		83D6110AD13181AD8A4D33FE /* Frameworks */ = {
			isa = PBXGroup;
			children = (
				A910A9841CD27C76001D48F4 /* libsqlite3.tbd */,
				9E1F87AB9D86A37CA1780E9C /* libPods.a */,
			);
			name = Frameworks;
			sourceTree = "<group>";
		};
		A910A9611CD272B8001D48F4 = {
			isa = PBXGroup;
			children = (
				A910A96C1CD272B8001D48F4 /* HelloFMDB */,
				A910A96B1CD272B8001D48F4 /* Products */,
				6605ABB097550F99FCA97D73 /* Pods */,
				83D6110AD13181AD8A4D33FE /* Frameworks */,
			);
			sourceTree = "<group>";
		};
		A910A96B1CD272B8001D48F4 /* Products */ = {
			isa = PBXGroup;
			children = (
				A910A96A1CD272B8001D48F4 /* HelloFMDB.app */,
			);
			name = Products;
			sourceTree = "<group>";
		};
		A910A96C1CD272B8001D48F4 /* HelloFMDB */ = {
			isa = PBXGroup;
			children = (
				A910A9701CD272B8001D48F4 /* AppDelegate.h */,
				A910A9711CD272B8001D48F4 /* AppDelegate.m */,
				A910A9731CD272B8001D48F4 /* ViewController.h */,
				A910A9741CD272B8001D48F4 /* ViewController.m */,
				A910A9761CD272B8001D48F4 /* Main.storyboard */,
				A910A9791CD272B8001D48F4 /* Assets.xcassets */,
				A910A97B1CD272B8001D48F4 /* LaunchScreen.storyboard */,
				A910A97E1CD272B8001D48F4 /* Info.plist */,
				A910A96D1CD272B8001D48F4 /* Supporting Files */,
			);
			path = HelloFMDB;
			sourceTree = "<group>";
		};
		A910A96D1CD272B8001D48F4 /* Supporting Files */ = {
			isa = PBXGroup;
			children = (
				A910A96E1CD272B8001D48F4 /* main.m */,
			);
			name = "Supporting Files";
			sourceTree = "<group>";
		};
/* End PBXGroup section */

/* Begin PBXNativeTarget section */
		A910A9691CD272B8001D48F4 /* HelloFMDB */ = {
			isa = PBXNativeTarget;
			buildConfigurationList = A910A9811CD272B8001D48F4 /* Build configuration list for PBXNativeTarget "HelloFMDB" */;
			buildPhases = (
				67304C0993CFB263EAE2CDC5 /* Check Pods Manifest.lock */,
				A910A9661CD272B8001D48F4 /* Sources */,
				A910A9671CD272B8001D48F4 /* Frameworks */,
				A910A9681CD272B8001D48F4 /* Resources */,
				2D6B1E7723D62BC5CE851A33 /* Embed Pods Frameworks */,
				C6F81306B3ABAF107FC7ACCA /* Copy Pods Resources */,
			);
			buildRules = (
			);
			dependencies = (
			);
			name = HelloFMDB;
			productName = HelloFMDB;
			productReference = A910A96A1CD272B8001D48F4 /* HelloFMDB.app */;
			productType = "com.apple.product-type.application";
		};
/* End PBXNativeTarget section */

/* Begin PBXProject section */
		A910A9621CD272B8001D48F4 /* Project object */ = {
			isa = PBXProject;
			attributes = {
				LastUpgradeCheck = 0730;
				ORGANIZATIONNAME = zhu;
				TargetAttributes = {
					A910A9691CD272B8001D48F4 = {
						CreatedOnToolsVersion = 7.3;
						DevelopmentTeam = G64U9BMWZK;
					};
				};
			};
			buildConfigurationList = A910A9651CD272B8001D48F4 /* Build configuration list for PBXProject "HelloFMDB" */;
			compatibilityVersion = "Xcode 3.2";
			developmentRegion = English;
			hasScannedForEncodings = 0;
			knownRegions = (
				en,
				Base,
			);
			mainGroup = A910A9611CD272B8001D48F4;
			productRefGroup = A910A96B1CD272B8001D48F4 /* Products */;
			projectDirPath = "";
			projectRoot = "";
			targets = (
				A910A9691CD272B8001D48F4 /* HelloFMDB */,
			);
		};
/* End PBXProject section */

/* Begin PBXResourcesBuildPhase section */
		A910A9681CD272B8001D48F4 /* Resources */ = {
			isa = PBXResourcesBuildPhase;
			buildActionMask = 2147483647;
			files = (
				A910A97D1CD272B8001D48F4 /* LaunchScreen.storyboard in Resources */,
				A910A97A1CD272B8001D48F4 /* Assets.xcassets in Resources */,
				A910A9781CD272B8001D48F4 /* Main.storyboard in Resources */,
			);
			runOnlyForDeploymentPostprocessing = 0;
		};
/* End PBXResourcesBuildPhase section */

/* Begin PBXShellScriptBuildPhase section */
		2D6B1E7723D62BC5CE851A33 /* Embed Pods Frameworks */ = {
			isa = PBXShellScriptBuildPhase;
			buildActionMask = 2147483647;
			files = (
			);
			inputPaths = (
			);
			name = "Embed Pods Frameworks";
			outputPaths = (
			);
			runOnlyForDeploymentPostprocessing = 0;
			shellPath = /bin/sh;
			shellScript = "\"${SRCROOT}/Pods/Target Support Files/Pods/Pods-frameworks.sh\"\n";
			showEnvVarsInLog = 0;
		};
		67304C0993CFB263EAE2CDC5 /* Check Pods Manifest.lock */ = {
			isa = PBXShellScriptBuildPhase;
			buildActionMask = 2147483647;
			files = (
			);
			inputPaths = (
			);
			name = "Check Pods Manifest.lock";
			outputPaths = (
			);
			runOnlyForDeploymentPostprocessing = 0;
			shellPath = /bin/sh;
			shellScript = "diff \"${PODS_ROOT}/../Podfile.lock\" \"${PODS_ROOT}/Manifest.lock\" > /dev/null\nif [[ $? != 0 ]] ; then\n    cat << EOM\nerror: The sandbox is not in sync with the Podfile.lock. Run 'pod install' or update your CocoaPods installation.\nEOM\n    exit 1\nfi\n";
			showEnvVarsInLog = 0;
		};
		C6F81306B3ABAF107FC7ACCA /* Copy Pods Resources */ = {
			isa = PBXShellScriptBuildPhase;
			buildActionMask = 2147483647;
			files = (
			);
			inputPaths = (
			);
			name = "Copy Pods Resources";
			outputPaths = (
			);
			runOnlyForDeploymentPostprocessing = 0;
			shellPath = /bin/sh;
			shellScript = "\"${SRCROOT}/Pods/Target Support Files/Pods/Pods-resources.sh\"\n";
			showEnvVarsInLog = 0;
		};
/* End PBXShellScriptBuildPhase section */

/* Begin PBXSourcesBuildPhase section */
		A910A9661CD272B8001D48F4 /* Sources */ = {
			isa = PBXSourcesBuildPhase;
			buildActionMask = 2147483647;
			files = (
				A910A9751CD272B8001D48F4 /* ViewController.m in Sources */,
				A910A9721CD272B8001D48F4 /* AppDelegate.m in Sources */,
				A910A96F1CD272B8001D48F4 /* main.m in Sources */,
			);
			runOnlyForDeploymentPostprocessing = 0;
		};
/* End PBXSourcesBuildPhase section */

/* Begin PBXVariantGroup section */
		A910A9761CD272B8001D48F4 /* Main.storyboard */ = {
			isa = PBXVariantGroup;
			children = (
				A910A9771CD272B8001D48F4 /* Base */,
			);
			name = Main.storyboard;
			sourceTree = "<group>";
		};
		A910A97B1CD272B8001D48F4 /* LaunchScreen.storyboard */ = {
			isa = PBXVariantGroup;
			children = (
				A910A97C1CD272B8001D48F4 /* Base */,
			);
			name = LaunchScreen.storyboard;
			sourceTree = "<group>";
		};
/* End PBXVariantGroup section */

/* Begin XCBuildConfiguration section */
		A910A97F1CD272B8001D48F4 /* Debug */ = {
			isa = XCBuildConfiguration;
			buildSettings = {
				ALWAYS_SEARCH_USER_PATHS = NO;
				CLANG_ANALYZER_NONNULL = YES;
				CLANG_CXX_LANGUAGE_STANDARD = "gnu++0x";
				CLANG_CXX_LIBRARY = "libc++";
				CLANG_ENABLE_MODULES = YES;
				CLANG_ENABLE_OBJC_ARC = YES;
				CLANG_WARN_BOOL_CONVERSION = YES;
				CLANG_WARN_CONSTANT_CONVERSION = YES;
				CLANG_WARN_DIRECT_OBJC_ISA_USAGE = YES_ERROR;
				CLANG_WARN_EMPTY_BODY = YES;
				CLANG_WARN_ENUM_CONVERSION = YES;
				CLANG_WARN_INT_CONVERSION = YES;
				CLANG_WARN_OBJC_ROOT_CLASS = YES_ERROR;
				CLANG_WARN_UNREACHABLE_CODE = YES;
				CLANG_WARN__DUPLICATE_METHOD_MATCH = YES;
				"CODE_SIGN_IDENTITY[sdk=iphoneos*]" = "iPhone Developer";
				COPY_PHASE_STRIP = NO;
				DEBUG_INFORMATION_FORMAT = dwarf;
				ENABLE_STRICT_OBJC_MSGSEND = YES;
				ENABLE_TESTABILITY = YES;
				GCC_C_LANGUAGE_STANDARD = gnu99;
				GCC_DYNAMIC_NO_PIC = NO;
				GCC_NO_COMMON_BLOCKS = YES;
				GCC_OPTIMIZATION_LEVEL = 0;
				GCC_PREPROCESSOR_DEFINITIONS = (
					"DEBUG=1",
					"$(inherited)",
				);
				GCC_WARN_64_TO_32_BIT_CONVERSION = YES;
				GCC_WARN_ABOUT_RETURN_TYPE = YES_ERROR;
				GCC_WARN_UNDECLARED_SELECTOR = YES;
				GCC_WARN_UNINITIALIZED_AUTOS = YES_AGGRESSIVE;
				GCC_WARN_UNUSED_FUNCTION = YES;
				GCC_WARN_UNUSED_VARIABLE = YES;
				IPHONEOS_DEPLOYMENT_TARGET = 9.3;
				MTL_ENABLE_DEBUG_INFO = YES;
				ONLY_ACTIVE_ARCH = YES;
				SDKROOT = iphoneos;
				TARGETED_DEVICE_FAMILY = "1,2";
			};
			name = Debug;
		};
		A910A9801CD272B8001D48F4 /* Release */ = {
			isa = XCBuildConfiguration;
			buildSettings = {
				ALWAYS_SEARCH_USER_PATHS = NO;
				CLANG_ANALYZER_NONNULL = YES;
				CLANG_CXX_LANGUAGE_STANDARD = "gnu++0x";
				CLANG_CXX_LIBRARY = "libc++";
				CLANG_ENABLE_MODULES = YES;
				CLANG_ENABLE_OBJC_ARC = YES;
				CLANG_WARN_BOOL_CONVERSION = YES;
				CLANG_WARN_CONSTANT_CONVERSION = YES;
				CLANG_WARN_DIRECT_OBJC_ISA_USAGE = YES_ERROR;
				CLANG_WARN_EMPTY_BODY = YES;
				CLANG_WARN_ENUM_CONVERSION = YES;
				CLANG_WARN_INT_CONVERSION = YES;
				CLANG_WARN_OBJC_ROOT_CLASS = YES_ERROR;
				CLANG_WARN_UNREACHABLE_CODE = YES;
				CLANG_WARN__DUPLICATE_METHOD_MATCH = YES;
				"CODE_SIGN_IDENTITY[sdk=iphoneos*]" = "iPhone Developer";
				COPY_PHASE_STRIP = NO;
				DEBUG_INFORMATION_FORMAT = "dwarf-with-dsym";
				ENABLE_NS_ASSERTIONS = NO;
				ENABLE_STRICT_OBJC_MSGSEND = YES;
				GCC_C_LANGUAGE_STANDARD = gnu99;
				GCC_NO_COMMON_BLOCKS = YES;
				GCC_WARN_64_TO_32_BIT_CONVERSION = YES;
				GCC_WARN_ABOUT_RETURN_TYPE = YES_ERROR;
				GCC_WARN_UNDECLARED_SELECTOR = YES;
				GCC_WARN_UNINITIALIZED_AUTOS = YES_AGGRESSIVE;
				GCC_WARN_UNUSED_FUNCTION = YES;
				GCC_WARN_UNUSED_VARIABLE = YES;
				IPHONEOS_DEPLOYMENT_TARGET = 9.3;
				MTL_ENABLE_DEBUG_INFO = NO;
				SDKROOT = iphoneos;
				TARGETED_DEVICE_FAMILY = "1,2";
				VALIDATE_PRODUCT = YES;
			};
			name = Release;
		};
		A910A9821CD272B8001D48F4 /* Debug */ = {
			isa = XCBuildConfiguration;
			baseConfigurationReference = 3401DB766457E8224ADA2071 /* Pods.debug.xcconfig */;
			buildSettings = {
				ASSETCATALOG_COMPILER_APPICON_NAME = AppIcon;
				INFOPLIST_FILE = HelloFMDB/Info.plist;
				LD_RUNPATH_SEARCH_PATHS = "$(inherited) @executable_path/Frameworks";
				PRODUCT_BUNDLE_IDENTIFIER = fu.zigan.HelloFMDB;
				PRODUCT_NAME = "$(TARGET_NAME)";
			};
			name = Debug;
		};
		A910A9831CD272B8001D48F4 /* Release */ = {
			isa = XCBuildConfiguration;
			baseConfigurationReference = B74DB3E403A8BC8C57F59750 /* Pods.release.xcconfig */;
			buildSettings = {
				ASSETCATALOG_COMPILER_APPICON_NAME = AppIcon;
				INFOPLIST_FILE = HelloFMDB/Info.plist;
				LD_RUNPATH_SEARCH_PATHS = "$(inherited) @executable_path/Frameworks";
				PRODUCT_BUNDLE_IDENTIFIER = fu.zigan.HelloFMDB;
				PRODUCT_NAME = "$(TARGET_NAME)";
			};
			name = Release;
		};
/* End XCBuildConfiguration section */

/* Begin XCConfigurationList section */
		A910A9651CD272B8001D48F4 /* Build configuration list for PBXProject "HelloFMDB" */ = {
			isa = XCConfigurationList;
			buildConfigurations = (
				A910A97F1CD272B8001D48F4 /* Debug */,
				A910A9801CD272B8001D48F4 /* Release */,
			);
			defaultConfigurationIsVisible = 0;
			defaultConfigurationName = Release;
		};
		A910A9811CD272B8001D48F4 /* Build configuration list for PBXNativeTarget "HelloFMDB" */ = {
			isa = XCConfigurationList;
			buildConfigurations = (
				A910A9821CD272B8001D48F4 /* Debug */,
				A910A9831CD272B8001D48F4 /* Release */,
			);
			defaultConfigurationIsVisible = 0;
			defaultConfigurationName = Release;
		};
/* End XCConfigurationList section */
	};
	rootObject = A910A9621CD272B8001D48F4 /* Project object */;
}
